// !$*UTF8*$!
{
	archiveVersion = 1;
	classes = {
	};
	objectVersion = 51;
	objects = {

/* Begin PBXBuildFile section */
		05D409E8243BD36C3913F2E1 /* Pods_RedWedding.framework in Frameworks */ = {isa = PBXBuildFile; fileRef = 5F47BF34567E0488DBE3A9CE /* Pods_RedWedding.framework */; };
		4FE6273B831069A0D15F32E4 /* Pods_RedWeddingTests.framework in Frameworks */ = {isa = PBXBuildFile; fileRef = 026DE236A8F1437034E384E4 /* Pods_RedWeddingTests.framework */; };
		A340511F2481D30700042AA1 /* EncryptionViewController.swift in Sources */ = {isa = PBXBuildFile; fileRef = A340511E2481D30700042AA1 /* EncryptionViewController.swift */; };
		A34051212481D31300042AA1 /* EncryptionInteractor.swift in Sources */ = {isa = PBXBuildFile; fileRef = A34051202481D31300042AA1 /* EncryptionInteractor.swift */; };
		A34051232481D32200042AA1 /* EncryptionPresenter.swift in Sources */ = {isa = PBXBuildFile; fileRef = A34051222481D32200042AA1 /* EncryptionPresenter.swift */; };
		A34051252481D5AB00042AA1 /* MainViewController.xib in Resources */ = {isa = PBXBuildFile; fileRef = A34051242481D5AB00042AA1 /* MainViewController.xib */; };
		A34051272482A5C300042AA1 /* EncryptionViewController.xib in Resources */ = {isa = PBXBuildFile; fileRef = A34051262482A5C300042AA1 /* EncryptionViewController.xib */; };
		A34051292483C01800042AA1 /* MainRouter.swift in Sources */ = {isa = PBXBuildFile; fileRef = A34051282483C01800042AA1 /* MainRouter.swift */; };
		A3AAFD702481BFBB00BBF6A1 /* AppDelegate.swift in Sources */ = {isa = PBXBuildFile; fileRef = A3AAFD6F2481BFBB00BBF6A1 /* AppDelegate.swift */; };
		A3AAFD742481BFBB00BBF6A1 /* MainViewController.swift in Sources */ = {isa = PBXBuildFile; fileRef = A3AAFD732481BFBB00BBF6A1 /* MainViewController.swift */; };
		A3AAFD792481BFBC00BBF6A1 /* Assets.xcassets in Resources */ = {isa = PBXBuildFile; fileRef = A3AAFD782481BFBC00BBF6A1 /* Assets.xcassets */; };
		A3AAFD7C2481BFBC00BBF6A1 /* LaunchScreen.storyboard in Resources */ = {isa = PBXBuildFile; fileRef = A3AAFD7A2481BFBC00BBF6A1 /* LaunchScreen.storyboard */; };
		A3AAFD872481BFBD00BBF6A1 /* RedWeddingTests.swift in Sources */ = {isa = PBXBuildFile; fileRef = A3AAFD862481BFBD00BBF6A1 /* RedWeddingTests.swift */; };
		A3AAFD932481C07700BBF6A1 /* MainInteractor.swift in Sources */ = {isa = PBXBuildFile; fileRef = A3AAFD922481C07700BBF6A1 /* MainInteractor.swift */; };
		A3AAFD952481C07F00BBF6A1 /* MainPresenter.swift in Sources */ = {isa = PBXBuildFile; fileRef = A3AAFD942481C07F00BBF6A1 /* MainPresenter.swift */; };
/* End PBXBuildFile section */

/* Begin PBXContainerItemProxy section */
		A3AAFD832481BFBD00BBF6A1 /* PBXContainerItemProxy */ = {
			isa = PBXContainerItemProxy;
			containerPortal = A3AAFD642481BFBB00BBF6A1 /* Project object */;
			proxyType = 1;
			remoteGlobalIDString = A3AAFD6B2481BFBB00BBF6A1;
			remoteInfo = RedWedding;
		};
/* End PBXContainerItemProxy section */

/* Begin PBXFileReference section */
		026DE236A8F1437034E384E4 /* Pods_RedWeddingTests.framework */ = {isa = PBXFileReference; explicitFileType = wrapper.framework; includeInIndex = 0; path = Pods_RedWeddingTests.framework; sourceTree = BUILT_PRODUCTS_DIR; };
		0753E6DA0D8AF76E053EF667 /* Pods-RedWeddingTests.release.xcconfig */ = {isa = PBXFileReference; includeInIndex = 1; lastKnownFileType = text.xcconfig; name = "Pods-RedWeddingTests.release.xcconfig"; path = "Target Support Files/Pods-RedWeddingTests/Pods-RedWeddingTests.release.xcconfig"; sourceTree = "<group>"; };
		5F47BF34567E0488DBE3A9CE /* Pods_RedWedding.framework */ = {isa = PBXFileReference; explicitFileType = wrapper.framework; includeInIndex = 0; path = Pods_RedWedding.framework; sourceTree = BUILT_PRODUCTS_DIR; };
		A340511E2481D30700042AA1 /* EncryptionViewController.swift */ = {isa = PBXFileReference; lastKnownFileType = sourcecode.swift; path = EncryptionViewController.swift; sourceTree = "<group>"; };
		A34051202481D31300042AA1 /* EncryptionInteractor.swift */ = {isa = PBXFileReference; lastKnownFileType = sourcecode.swift; path = EncryptionInteractor.swift; sourceTree = "<group>"; };
		A34051222481D32200042AA1 /* EncryptionPresenter.swift */ = {isa = PBXFileReference; lastKnownFileType = sourcecode.swift; path = EncryptionPresenter.swift; sourceTree = "<group>"; };
		A34051242481D5AB00042AA1 /* MainViewController.xib */ = {isa = PBXFileReference; lastKnownFileType = file.xib; path = MainViewController.xib; sourceTree = "<group>"; };
		A34051262482A5C300042AA1 /* EncryptionViewController.xib */ = {isa = PBXFileReference; lastKnownFileType = file.xib; path = EncryptionViewController.xib; sourceTree = "<group>"; };
		A34051282483C01800042AA1 /* MainRouter.swift */ = {isa = PBXFileReference; lastKnownFileType = sourcecode.swift; path = MainRouter.swift; sourceTree = "<group>"; };
		A3AAFD6C2481BFBB00BBF6A1 /* RedWedding.app */ = {isa = PBXFileReference; explicitFileType = wrapper.application; includeInIndex = 0; path = RedWedding.app; sourceTree = BUILT_PRODUCTS_DIR; };
		A3AAFD6F2481BFBB00BBF6A1 /* AppDelegate.swift */ = {isa = PBXFileReference; lastKnownFileType = sourcecode.swift; path = AppDelegate.swift; sourceTree = "<group>"; };
		A3AAFD732481BFBB00BBF6A1 /* MainViewController.swift */ = {isa = PBXFileReference; lastKnownFileType = sourcecode.swift; path = MainViewController.swift; sourceTree = "<group>"; };
		A3AAFD782481BFBC00BBF6A1 /* Assets.xcassets */ = {isa = PBXFileReference; lastKnownFileType = folder.assetcatalog; path = Assets.xcassets; sourceTree = "<group>"; };
		A3AAFD7B2481BFBC00BBF6A1 /* Base */ = {isa = PBXFileReference; lastKnownFileType = file.storyboard; name = Base; path = Base.lproj/LaunchScreen.storyboard; sourceTree = "<group>"; };
		A3AAFD7D2481BFBC00BBF6A1 /* Info.plist */ = {isa = PBXFileReference; lastKnownFileType = text.plist.xml; path = Info.plist; sourceTree = "<group>"; };
		A3AAFD822481BFBD00BBF6A1 /* RedWeddingTests.xctest */ = {isa = PBXFileReference; explicitFileType = wrapper.cfbundle; includeInIndex = 0; path = RedWeddingTests.xctest; sourceTree = BUILT_PRODUCTS_DIR; };
		A3AAFD862481BFBD00BBF6A1 /* RedWeddingTests.swift */ = {isa = PBXFileReference; lastKnownFileType = sourcecode.swift; path = RedWeddingTests.swift; sourceTree = "<group>"; };
		A3AAFD882481BFBD00BBF6A1 /* Info.plist */ = {isa = PBXFileReference; lastKnownFileType = text.plist.xml; path = Info.plist; sourceTree = "<group>"; };
		A3AAFD922481C07700BBF6A1 /* MainInteractor.swift */ = {isa = PBXFileReference; lastKnownFileType = sourcecode.swift; path = MainInteractor.swift; sourceTree = "<group>"; };
		A3AAFD942481C07F00BBF6A1 /* MainPresenter.swift */ = {isa = PBXFileReference; lastKnownFileType = sourcecode.swift; path = MainPresenter.swift; sourceTree = "<group>"; };
		B5F9258F96CB80028FE537AD /* Pods-RedWedding.debug.xcconfig */ = {isa = PBXFileReference; includeInIndex = 1; lastKnownFileType = text.xcconfig; name = "Pods-RedWedding.debug.xcconfig"; path = "Target Support Files/Pods-RedWedding/Pods-RedWedding.debug.xcconfig"; sourceTree = "<group>"; };
		BC9A97271C9F97F65E9C371C /* Pods-RedWedding.release.xcconfig */ = {isa = PBXFileReference; includeInIndex = 1; lastKnownFileType = text.xcconfig; name = "Pods-RedWedding.release.xcconfig"; path = "Target Support Files/Pods-RedWedding/Pods-RedWedding.release.xcconfig"; sourceTree = "<group>"; };
		D55A4531D90C400ED4AD812E /* Pods-RedWeddingTests.debug.xcconfig */ = {isa = PBXFileReference; includeInIndex = 1; lastKnownFileType = text.xcconfig; name = "Pods-RedWeddingTests.debug.xcconfig"; path = "Target Support Files/Pods-RedWeddingTests/Pods-RedWeddingTests.debug.xcconfig"; sourceTree = "<group>"; };
/* End PBXFileReference section */

/* Begin PBXFrameworksBuildPhase section */
		A3AAFD692481BFBB00BBF6A1 /* Frameworks */ = {
			isa = PBXFrameworksBuildPhase;
			buildActionMask = 2147483647;
			files = (
				05D409E8243BD36C3913F2E1 /* Pods_RedWedding.framework in Frameworks */,
			);
			runOnlyForDeploymentPostprocessing = 0;
		};
		A3AAFD7F2481BFBD00BBF6A1 /* Frameworks */ = {
			isa = PBXFrameworksBuildPhase;
			buildActionMask = 2147483647;
			files = (
				4FE6273B831069A0D15F32E4 /* Pods_RedWeddingTests.framework in Frameworks */,
			);
			runOnlyForDeploymentPostprocessing = 0;
		};
/* End PBXFrameworksBuildPhase section */

/* Begin PBXGroup section */
		4992020E3464E3F6FB2B8FB4 /* Pods */ = {
			isa = PBXGroup;
			children = (
				B5F9258F96CB80028FE537AD /* Pods-RedWedding.debug.xcconfig */,
				BC9A97271C9F97F65E9C371C /* Pods-RedWedding.release.xcconfig */,
				D55A4531D90C400ED4AD812E /* Pods-RedWeddingTests.debug.xcconfig */,
				0753E6DA0D8AF76E053EF667 /* Pods-RedWeddingTests.release.xcconfig */,
			);
			path = Pods;
			sourceTree = "<group>";
		};
		9F49ADE9FE964CE85533A692 /* Frameworks */ = {
			isa = PBXGroup;
			children = (
				5F47BF34567E0488DBE3A9CE /* Pods_RedWedding.framework */,
				026DE236A8F1437034E384E4 /* Pods_RedWeddingTests.framework */,
			);
			name = Frameworks;
			sourceTree = "<group>";
		};
		A33767C42481C47F004F19DB /* Scenes */ = {
			isa = PBXGroup;
			children = (
				A340511D2481D19600042AA1 /* Encryption */,
				A3AAFD912481C04100BBF6A1 /* Main */,
			);
			path = Scenes;
			sourceTree = "<group>";
		};
		A340511D2481D19600042AA1 /* Encryption */ = {
			isa = PBXGroup;
			children = (
				A340511E2481D30700042AA1 /* EncryptionViewController.swift */,
				A34051262482A5C300042AA1 /* EncryptionViewController.xib */,
				A34051202481D31300042AA1 /* EncryptionInteractor.swift */,
				A34051222481D32200042AA1 /* EncryptionPresenter.swift */,
			);
			path = Encryption;
			sourceTree = "<group>";
		};
		A3AAFD632481BFBB00BBF6A1 = {
			isa = PBXGroup;
			children = (
				A3AAFD6E2481BFBB00BBF6A1 /* RedWedding */,
				A3AAFD852481BFBD00BBF6A1 /* RedWeddingTests */,
				A3AAFD6D2481BFBB00BBF6A1 /* Products */,
				4992020E3464E3F6FB2B8FB4 /* Pods */,
				9F49ADE9FE964CE85533A692 /* Frameworks */,
			);
			sourceTree = "<group>";
		};
		A3AAFD6D2481BFBB00BBF6A1 /* Products */ = {
			isa = PBXGroup;
			children = (
				A3AAFD6C2481BFBB00BBF6A1 /* RedWedding.app */,
				A3AAFD822481BFBD00BBF6A1 /* RedWeddingTests.xctest */,
			);
			name = Products;
			sourceTree = "<group>";
		};
		A3AAFD6E2481BFBB00BBF6A1 /* RedWedding */ = {
			isa = PBXGroup;
			children = (
				A33767C42481C47F004F19DB /* Scenes */,
				A3AAFD6F2481BFBB00BBF6A1 /* AppDelegate.swift */,
				A3AAFD782481BFBC00BBF6A1 /* Assets.xcassets */,
				A3AAFD7A2481BFBC00BBF6A1 /* LaunchScreen.storyboard */,
				A3AAFD7D2481BFBC00BBF6A1 /* Info.plist */,
			);
			path = RedWedding;
			sourceTree = "<group>";
		};
		A3AAFD852481BFBD00BBF6A1 /* RedWeddingTests */ = {
			isa = PBXGroup;
			children = (
				A3AAFD862481BFBD00BBF6A1 /* RedWeddingTests.swift */,
				A3AAFD882481BFBD00BBF6A1 /* Info.plist */,
			);
			path = RedWeddingTests;
			sourceTree = "<group>";
		};
		A3AAFD912481C04100BBF6A1 /* Main */ = {
			isa = PBXGroup;
			children = (
				A3AAFD732481BFBB00BBF6A1 /* MainViewController.swift */,
				A34051242481D5AB00042AA1 /* MainViewController.xib */,
				A3AAFD922481C07700BBF6A1 /* MainInteractor.swift */,
				A3AAFD942481C07F00BBF6A1 /* MainPresenter.swift */,
				A34051282483C01800042AA1 /* MainRouter.swift */,
			);
			path = Main;
			sourceTree = "<group>";
		};
/* End PBXGroup section */

/* Begin PBXNativeTarget section */
		A3AAFD6B2481BFBB00BBF6A1 /* RedWedding */ = {
			isa = PBXNativeTarget;
			buildConfigurationList = A3AAFD8B2481BFBD00BBF6A1 /* Build configuration list for PBXNativeTarget "RedWedding" */;
			buildPhases = (
				BA8F24D4A056408FE9FC66E2 /* [CP] Check Pods Manifest.lock */,
				A3AAFD682481BFBB00BBF6A1 /* Sources */,
				A3AAFD692481BFBB00BBF6A1 /* Frameworks */,
				A3AAFD6A2481BFBB00BBF6A1 /* Resources */,
				DBC6FEA922ED73BF42390D99 /* [CP] Embed Pods Frameworks */,
			);
			buildRules = (
			);
			dependencies = (
			);
			name = RedWedding;
			productName = RedWedding;
			productReference = A3AAFD6C2481BFBB00BBF6A1 /* RedWedding.app */;
			productType = "com.apple.product-type.application";
		};
		A3AAFD812481BFBD00BBF6A1 /* RedWeddingTests */ = {
			isa = PBXNativeTarget;
			buildConfigurationList = A3AAFD8E2481BFBD00BBF6A1 /* Build configuration list for PBXNativeTarget "RedWeddingTests" */;
			buildPhases = (
				68BC4D358C615EC3CD59F038 /* [CP] Check Pods Manifest.lock */,
				A3AAFD7E2481BFBD00BBF6A1 /* Sources */,
				A3AAFD7F2481BFBD00BBF6A1 /* Frameworks */,
				A3AAFD802481BFBD00BBF6A1 /* Resources */,
			);
			buildRules = (
			);
			dependencies = (
				A3AAFD842481BFBD00BBF6A1 /* PBXTargetDependency */,
			);
			name = RedWeddingTests;
			productName = RedWeddingTests;
			productReference = A3AAFD822481BFBD00BBF6A1 /* RedWeddingTests.xctest */;
			productType = "com.apple.product-type.bundle.unit-test";
		};
/* End PBXNativeTarget section */

/* Begin PBXProject section */
		A3AAFD642481BFBB00BBF6A1 /* Project object */ = {
			isa = PBXProject;
			attributes = {
				LastSwiftUpdateCheck = 1150;
				LastUpgradeCheck = 1150;
				ORGANIZATIONNAME = "Gerson Noboa";
				TargetAttributes = {
					A3AAFD6B2481BFBB00BBF6A1 = {
						CreatedOnToolsVersion = 11.5;
					};
					A3AAFD812481BFBD00BBF6A1 = {
						CreatedOnToolsVersion = 11.5;
						TestTargetID = A3AAFD6B2481BFBB00BBF6A1;
					};
				};
			};
			buildConfigurationList = A3AAFD672481BFBB00BBF6A1 /* Build configuration list for PBXProject "RedWedding" */;
			compatibilityVersion = "Xcode 9.3";
			developmentRegion = en;
			hasScannedForEncodings = 0;
			knownRegions = (
				en,
				Base,
			);
			mainGroup = A3AAFD632481BFBB00BBF6A1;
			productRefGroup = A3AAFD6D2481BFBB00BBF6A1 /* Products */;
			projectDirPath = "";
			projectRoot = "";
			targets = (
				A3AAFD6B2481BFBB00BBF6A1 /* RedWedding */,
				A3AAFD812481BFBD00BBF6A1 /* RedWeddingTests */,
			);
		};
/* End PBXProject section */

/* Begin PBXResourcesBuildPhase section */
		A3AAFD6A2481BFBB00BBF6A1 /* Resources */ = {
			isa = PBXResourcesBuildPhase;
			buildActionMask = 2147483647;
			files = (
				A3AAFD7C2481BFBC00BBF6A1 /* LaunchScreen.storyboard in Resources */,
				A34051252481D5AB00042AA1 /* MainViewController.xib in Resources */,
				A3AAFD792481BFBC00BBF6A1 /* Assets.xcassets in Resources */,
				A34051272482A5C300042AA1 /* EncryptionViewController.xib in Resources */,
			);
			runOnlyForDeploymentPostprocessing = 0;
		};
		A3AAFD802481BFBD00BBF6A1 /* Resources */ = {
			isa = PBXResourcesBuildPhase;
			buildActionMask = 2147483647;
			files = (
			);
			runOnlyForDeploymentPostprocessing = 0;
		};
/* End PBXResourcesBuildPhase section */

/* Begin PBXShellScriptBuildPhase section */
		68BC4D358C615EC3CD59F038 /* [CP] Check Pods Manifest.lock */ = {
			isa = PBXShellScriptBuildPhase;
			buildActionMask = 2147483647;
			files = (
			);
			inputFileListPaths = (
			);
			inputPaths = (
				"${PODS_PODFILE_DIR_PATH}/Podfile.lock",
				"${PODS_ROOT}/Manifest.lock",
			);
			name = "[CP] Check Pods Manifest.lock";
			outputFileListPaths = (
			);
			outputPaths = (
				"$(DERIVED_FILE_DIR)/Pods-RedWeddingTests-checkManifestLockResult.txt",
			);
			runOnlyForDeploymentPostprocessing = 0;
			shellPath = /bin/sh;
			shellScript = "diff \"${PODS_PODFILE_DIR_PATH}/Podfile.lock\" \"${PODS_ROOT}/Manifest.lock\" > /dev/null\nif [ $? != 0 ] ; then\n    # print error to STDERR\n    echo \"error: The sandbox is not in sync with the Podfile.lock. Run 'pod install' or update your CocoaPods installation.\" >&2\n    exit 1\nfi\n# This output is used by Xcode 'outputs' to avoid re-running this script phase.\necho \"SUCCESS\" > \"${SCRIPT_OUTPUT_FILE_0}\"\n";
			showEnvVarsInLog = 0;
		};
		BA8F24D4A056408FE9FC66E2 /* [CP] Check Pods Manifest.lock */ = {
			isa = PBXShellScriptBuildPhase;
			buildActionMask = 2147483647;
			files = (
			);
			inputFileListPaths = (
			);
			inputPaths = (
				"${PODS_PODFILE_DIR_PATH}/Podfile.lock",
				"${PODS_ROOT}/Manifest.lock",
			);
			name = "[CP] Check Pods Manifest.lock";
			outputFileListPaths = (
			);
			outputPaths = (
				"$(DERIVED_FILE_DIR)/Pods-RedWedding-checkManifestLockResult.txt",
			);
			runOnlyForDeploymentPostprocessing = 0;
			shellPath = /bin/sh;
			shellScript = "diff \"${PODS_PODFILE_DIR_PATH}/Podfile.lock\" \"${PODS_ROOT}/Manifest.lock\" > /dev/null\nif [ $? != 0 ] ; then\n    # print error to STDERR\n    echo \"error: The sandbox is not in sync with the Podfile.lock. Run 'pod install' or update your CocoaPods installation.\" >&2\n    exit 1\nfi\n# This output is used by Xcode 'outputs' to avoid re-running this script phase.\necho \"SUCCESS\" > \"${SCRIPT_OUTPUT_FILE_0}\"\n";
			showEnvVarsInLog = 0;
		};
		DBC6FEA922ED73BF42390D99 /* [CP] Embed Pods Frameworks */ = {
			isa = PBXShellScriptBuildPhase;
			buildActionMask = 2147483647;
			files = (
			);
			inputFileListPaths = (
				"${PODS_ROOT}/Target Support Files/Pods-RedWedding/Pods-RedWedding-frameworks-${CONFIGURATION}-input-files.xcfilelist",
			);
			name = "[CP] Embed Pods Frameworks";
			outputFileListPaths = (
				"${PODS_ROOT}/Target Support Files/Pods-RedWedding/Pods-RedWedding-frameworks-${CONFIGURATION}-output-files.xcfilelist",
			);
			runOnlyForDeploymentPostprocessing = 0;
			shellPath = /bin/sh;
			shellScript = "\"${PODS_ROOT}/Target Support Files/Pods-RedWedding/Pods-RedWedding-frameworks.sh\"\n";
			showEnvVarsInLog = 0;
		};
/* End PBXShellScriptBuildPhase section */

/* Begin PBXSourcesBuildPhase section */
		A3AAFD682481BFBB00BBF6A1 /* Sources */ = {
			isa = PBXSourcesBuildPhase;
			buildActionMask = 2147483647;
			files = (
				A3AAFD952481C07F00BBF6A1 /* MainPresenter.swift in Sources */,
				A34051292483C01800042AA1 /* MainRouter.swift in Sources */,
				A34051212481D31300042AA1 /* EncryptionInteractor.swift in Sources */,
				A340511F2481D30700042AA1 /* EncryptionViewController.swift in Sources */,
				A3AAFD742481BFBB00BBF6A1 /* MainViewController.swift in Sources */,
				A3AAFD702481BFBB00BBF6A1 /* AppDelegate.swift in Sources */,
				A3AAFD932481C07700BBF6A1 /* MainInteractor.swift in Sources */,
				A34051232481D32200042AA1 /* EncryptionPresenter.swift in Sources */,
			);
			runOnlyForDeploymentPostprocessing = 0;
		};
		A3AAFD7E2481BFBD00BBF6A1 /* Sources */ = {
			isa = PBXSourcesBuildPhase;
			buildActionMask = 2147483647;
			files = (
				A3AAFD872481BFBD00BBF6A1 /* RedWeddingTests.swift in Sources */,
			);
			runOnlyForDeploymentPostprocessing = 0;
		};
/* End PBXSourcesBuildPhase section */

/* Begin PBXTargetDependency section */
		A3AAFD842481BFBD00BBF6A1 /* PBXTargetDependency */ = {
			isa = PBXTargetDependency;
			target = A3AAFD6B2481BFBB00BBF6A1 /* RedWedding */;
			targetProxy = A3AAFD832481BFBD00BBF6A1 /* PBXContainerItemProxy */;
		};
/* End PBXTargetDependency section */

/* Begin PBXVariantGroup section */
		A3AAFD7A2481BFBC00BBF6A1 /* LaunchScreen.storyboard */ = {
			isa = PBXVariantGroup;
			children = (
				A3AAFD7B2481BFBC00BBF6A1 /* Base */,
			);
			name = LaunchScreen.storyboard;
			sourceTree = "<group>";
		};
/* End PBXVariantGroup section */

/* Begin XCBuildConfiguration section */
		A3AAFD892481BFBD00BBF6A1 /* Debug */ = {
			isa = XCBuildConfiguration;
			buildSettings = {
				ALWAYS_SEARCH_USER_PATHS = NO;
				CLANG_ANALYZER_NONNULL = YES;
				CLANG_ANALYZER_NUMBER_OBJECT_CONVERSION = YES_AGGRESSIVE;
				CLANG_CXX_LANGUAGE_STANDARD = "gnu++14";
				CLANG_CXX_LIBRARY = "libc++";
				CLANG_ENABLE_MODULES = YES;
				CLANG_ENABLE_OBJC_ARC = YES;
				CLANG_ENABLE_OBJC_WEAK = YES;
				CLANG_WARN_BLOCK_CAPTURE_AUTORELEASING = YES;
				CLANG_WARN_BOOL_CONVERSION = YES;
				CLANG_WARN_COMMA = YES;
				CLANG_WARN_CONSTANT_CONVERSION = YES;
				CLANG_WARN_DEPRECATED_OBJC_IMPLEMENTATIONS = YES;
				CLANG_WARN_DIRECT_OBJC_ISA_USAGE = YES_ERROR;
				CLANG_WARN_DOCUMENTATION_COMMENTS = YES;
				CLANG_WARN_EMPTY_BODY = YES;
				CLANG_WARN_ENUM_CONVERSION = YES;
				CLANG_WARN_INFINITE_RECURSION = YES;
				CLANG_WARN_INT_CONVERSION = YES;
				CLANG_WARN_NON_LITERAL_NULL_CONVERSION = YES;
				CLANG_WARN_OBJC_IMPLICIT_RETAIN_SELF = YES;
				CLANG_WARN_OBJC_LITERAL_CONVERSION = YES;
				CLANG_WARN_OBJC_ROOT_CLASS = YES_ERROR;
				CLANG_WARN_RANGE_LOOP_ANALYSIS = YES;
				CLANG_WARN_STRICT_PROTOTYPES = YES;
				CLANG_WARN_SUSPICIOUS_MOVE = YES;
				CLANG_WARN_UNGUARDED_AVAILABILITY = YES_AGGRESSIVE;
				CLANG_WARN_UNREACHABLE_CODE = YES;
				CLANG_WARN__DUPLICATE_METHOD_MATCH = YES;
				COPY_PHASE_STRIP = NO;
				DEBUG_INFORMATION_FORMAT = dwarf;
				ENABLE_STRICT_OBJC_MSGSEND = YES;
				ENABLE_TESTABILITY = YES;
				GCC_C_LANGUAGE_STANDARD = gnu11;
				GCC_DYNAMIC_NO_PIC = NO;
				GCC_NO_COMMON_BLOCKS = YES;
				GCC_OPTIMIZATION_LEVEL = 0;
				GCC_PREPROCESSOR_DEFINITIONS = (
					"DEBUG=1",
					"$(inherited)",
				);
				GCC_WARN_64_TO_32_BIT_CONVERSION = YES;
				GCC_WARN_ABOUT_RETURN_TYPE = YES_ERROR;
				GCC_WARN_UNDECLARED_SELECTOR = YES;
				GCC_WARN_UNINITIALIZED_AUTOS = YES_AGGRESSIVE;
				GCC_WARN_UNUSED_FUNCTION = YES;
				GCC_WARN_UNUSED_VARIABLE = YES;
				IPHONEOS_DEPLOYMENT_TARGET = 13.5;
				MTL_ENABLE_DEBUG_INFO = INCLUDE_SOURCE;
				MTL_FAST_MATH = YES;
				ONLY_ACTIVE_ARCH = YES;
				SDKROOT = iphoneos;
				SWIFT_ACTIVE_COMPILATION_CONDITIONS = DEBUG;
				SWIFT_OPTIMIZATION_LEVEL = "-Onone";
			};
			name = Debug;
		};
		A3AAFD8A2481BFBD00BBF6A1 /* Release */ = {
			isa = XCBuildConfiguration;
			buildSettings = {
				ALWAYS_SEARCH_USER_PATHS = NO;
				CLANG_ANALYZER_NONNULL = YES;
				CLANG_ANALYZER_NUMBER_OBJECT_CONVERSION = YES_AGGRESSIVE;
				CLANG_CXX_LANGUAGE_STANDARD = "gnu++14";
				CLANG_CXX_LIBRARY = "libc++";
				CLANG_ENABLE_MODULES = YES;
				CLANG_ENABLE_OBJC_ARC = YES;
				CLANG_ENABLE_OBJC_WEAK = YES;
				CLANG_WARN_BLOCK_CAPTURE_AUTORELEASING = YES;
				CLANG_WARN_BOOL_CONVERSION = YES;
				CLANG_WARN_COMMA = YES;
				CLANG_WARN_CONSTANT_CONVERSION = YES;
				CLANG_WARN_DEPRECATED_OBJC_IMPLEMENTATIONS = YES;
				CLANG_WARN_DIRECT_OBJC_ISA_USAGE = YES_ERROR;
				CLANG_WARN_DOCUMENTATION_COMMENTS = YES;
				CLANG_WARN_EMPTY_BODY = YES;
				CLANG_WARN_ENUM_CONVERSION = YES;
				CLANG_WARN_INFINITE_RECURSION = YES;
				CLANG_WARN_INT_CONVERSION = YES;
				CLANG_WARN_NON_LITERAL_NULL_CONVERSION = YES;
				CLANG_WARN_OBJC_IMPLICIT_RETAIN_SELF = YES;
				CLANG_WARN_OBJC_LITERAL_CONVERSION = YES;
				CLANG_WARN_OBJC_ROOT_CLASS = YES_ERROR;
				CLANG_WARN_RANGE_LOOP_ANALYSIS = YES;
				CLANG_WARN_STRICT_PROTOTYPES = YES;
				CLANG_WARN_SUSPICIOUS_MOVE = YES;
				CLANG_WARN_UNGUARDED_AVAILABILITY = YES_AGGRESSIVE;
				CLANG_WARN_UNREACHABLE_CODE = YES;
				CLANG_WARN__DUPLICATE_METHOD_MATCH = YES;
				COPY_PHASE_STRIP = NO;
				DEBUG_INFORMATION_FORMAT = "dwarf-with-dsym";
				ENABLE_NS_ASSERTIONS = NO;
				ENABLE_STRICT_OBJC_MSGSEND = YES;
				GCC_C_LANGUAGE_STANDARD = gnu11;
				GCC_NO_COMMON_BLOCKS = YES;
				GCC_WARN_64_TO_32_BIT_CONVERSION = YES;
				GCC_WARN_ABOUT_RETURN_TYPE = YES_ERROR;
				GCC_WARN_UNDECLARED_SELECTOR = YES;
				GCC_WARN_UNINITIALIZED_AUTOS = YES_AGGRESSIVE;
				GCC_WARN_UNUSED_FUNCTION = YES;
				GCC_WARN_UNUSED_VARIABLE = YES;
				IPHONEOS_DEPLOYMENT_TARGET = 13.5;
				MTL_ENABLE_DEBUG_INFO = NO;
				MTL_FAST_MATH = YES;
				SDKROOT = iphoneos;
				SWIFT_COMPILATION_MODE = wholemodule;
				SWIFT_OPTIMIZATION_LEVEL = "-O";
				VALIDATE_PRODUCT = YES;
			};
			name = Release;
		};
		A3AAFD8C2481BFBD00BBF6A1 /* Debug */ = {
			isa = XCBuildConfiguration;
			baseConfigurationReference = B5F9258F96CB80028FE537AD /* Pods-RedWedding.debug.xcconfig */;
			buildSettings = {
				ASSETCATALOG_COMPILER_APPICON_NAME = AppIcon;
				CODE_SIGN_STYLE = Automatic;
				INFOPLIST_FILE = RedWedding/Info.plist;
				LD_RUNPATH_SEARCH_PATHS = (
					"$(inherited)",
					"@executable_path/Frameworks",
				);
				PRODUCT_BUNDLE_IDENTIFIER = com.heavenlapse.RedWedding;
				PRODUCT_NAME = "$(TARGET_NAME)";
				SWIFT_VERSION = 5.0;
				TARGETED_DEVICE_FAMILY = "1,2";
			};
			name = Debug;
		};
		A3AAFD8D2481BFBD00BBF6A1 /* Release */ = {
			isa = XCBuildConfiguration;
			baseConfigurationReference = BC9A97271C9F97F65E9C371C /* Pods-RedWedding.release.xcconfig */;
			buildSettings = {
				ASSETCATALOG_COMPILER_APPICON_NAME = AppIcon;
				CODE_SIGN_STYLE = Automatic;
				INFOPLIST_FILE = RedWedding/Info.plist;
				LD_RUNPATH_SEARCH_PATHS = (
					"$(inherited)",
					"@executable_path/Frameworks",
				);
				PRODUCT_BUNDLE_IDENTIFIER = com.heavenlapse.RedWedding;
				PRODUCT_NAME = "$(TARGET_NAME)";
				SWIFT_VERSION = 5.0;
				TARGETED_DEVICE_FAMILY = "1,2";
			};
			name = Release;
		};
		A3AAFD8F2481BFBD00BBF6A1 /* Debug */ = {
			isa = XCBuildConfiguration;
			baseConfigurationReference = D55A4531D90C400ED4AD812E /* Pods-RedWeddingTests.debug.xcconfig */;
			buildSettings = {
				ALWAYS_EMBED_SWIFT_STANDARD_LIBRARIES = YES;
				BUNDLE_LOADER = "$(TEST_HOST)";
				CODE_SIGN_STYLE = Automatic;
				INFOPLIST_FILE = RedWeddingTests/Info.plist;
				IPHONEOS_DEPLOYMENT_TARGET = 13.5;
				LD_RUNPATH_SEARCH_PATHS = (
					"$(inherited)",
					"@executable_path/Frameworks",
					"@loader_path/Frameworks",
				);
				PRODUCT_BUNDLE_IDENTIFIER = com.heavenlapse.RedWeddingTests;
				PRODUCT_NAME = "$(TARGET_NAME)";
				SWIFT_VERSION = 5.0;
				TARGETED_DEVICE_FAMILY = "1,2";
				TEST_HOST = "$(BUILT_PRODUCTS_DIR)/RedWedding.app/RedWedding";
			};
			name = Debug;
		};
		A3AAFD902481BFBD00BBF6A1 /* Release */ = {
			isa = XCBuildConfiguration;
			baseConfigurationReference = 0753E6DA0D8AF76E053EF667 /* Pods-RedWeddingTests.release.xcconfig */;
			buildSettings = {
				ALWAYS_EMBED_SWIFT_STANDARD_LIBRARIES = YES;
				BUNDLE_LOADER = "$(TEST_HOST)";
				CODE_SIGN_STYLE = Automatic;
				INFOPLIST_FILE = RedWeddingTests/Info.plist;
				IPHONEOS_DEPLOYMENT_TARGET = 13.5;
				LD_RUNPATH_SEARCH_PATHS = (
					"$(inherited)",
					"@executable_path/Frameworks",
					"@loader_path/Frameworks",
				);
				PRODUCT_BUNDLE_IDENTIFIER = com.heavenlapse.RedWeddingTests;
				PRODUCT_NAME = "$(TARGET_NAME)";
				SWIFT_VERSION = 5.0;
				TARGETED_DEVICE_FAMILY = "1,2";
				TEST_HOST = "$(BUILT_PRODUCTS_DIR)/RedWedding.app/RedWedding";
			};
			name = Release;
		};
/* End XCBuildConfiguration section */

/* Begin XCConfigurationList section */
		A3AAFD672481BFBB00BBF6A1 /* Build configuration list for PBXProject "RedWedding" */ = {
			isa = XCConfigurationList;
			buildConfigurations = (
				A3AAFD892481BFBD00BBF6A1 /* Debug */,
				A3AAFD8A2481BFBD00BBF6A1 /* Release */,
			);
			defaultConfigurationIsVisible = 0;
			defaultConfigurationName = Release;
		};
		A3AAFD8B2481BFBD00BBF6A1 /* Build configuration list for PBXNativeTarget "RedWedding" */ = {
			isa = XCConfigurationList;
			buildConfigurations = (
				A3AAFD8C2481BFBD00BBF6A1 /* Debug */,
				A3AAFD8D2481BFBD00BBF6A1 /* Release */,
			);
			defaultConfigurationIsVisible = 0;
			defaultConfigurationName = Release;
		};
		A3AAFD8E2481BFBD00BBF6A1 /* Build configuration list for PBXNativeTarget "RedWeddingTests" */ = {
			isa = XCConfigurationList;
			buildConfigurations = (
				A3AAFD8F2481BFBD00BBF6A1 /* Debug */,
				A3AAFD902481BFBD00BBF6A1 /* Release */,
			);
			defaultConfigurationIsVisible = 0;
			defaultConfigurationName = Release;
		};
/* End XCConfigurationList section */
	};
	rootObject = A3AAFD642481BFBB00BBF6A1 /* Project object */;
}
